version = 1
revision = 3
requires-python = ">=3.13"

[[package]]
name = "click"
version = "8.5.0"
source = { registry = "https://pypi.org/simple" }
sdist = { url = "https://files.pythonhosted.org/packages/c7/0e/7fa0ef50764b67090eca4114772a2abf8b6148198475e54c660b97caeee6/click-8.5.0.tar.gz", hash = "sha256:ba0d2089de75ea0310e2dde03160e6ca10009947fb95a182f9b54021bb272e34", size = 382235, upload-time = "2026-08-26T13:33:14.56Z" }
wheels = [
    { url = "https://files.pythonhosted.org/packages/58/50/6c0d534c5f134586a8e1ba4e330569e32f057e33372ae556463212fb4cd3/click-8.5.0-py3-none-any.whl", hash = "sha256:255bc9599cf7748b4b1a446ccc735421bd08a2ae529a8b88597d3de5664ee360", size = 125251, upload-time = "2026-08-26T13:33:12.928Z" },
]

[[package]]
name = "cloudpickle"
version = "3.1.2"
source = { registry = "https://pypi.org/simple" }
sdist = { url = "https://files.pythonhosted.org/packages/27/fb/576f067976d320f5f0114a8d9fa1215425441bb35627b1993e5afd8111e5/cloudpickle-3.1.2.tar.gz", hash = "sha256:7fda9eb655c9c230dab534f1983763de5835249750e85fbcef43aaa30a9a2414", size = 22330, upload-time = "2025-11-03T09:25:26.604Z" }
wheels = [
    { url = "https://files.pythonhosted.org/packages/88/39/799be3f2f0f38cc727ee3b4f1445fe6d5e4133064ec2e4115069418a5bb6/cloudpickle-3.1.2-py3-none-any.whl", hash = "sha256:9acb47f6afd73f60dc1df93bb801b472f05ff42fa6c84167d25cb206be1fbf4a", size = 22228, upload-time = "2025-11-03T09:25:25.534Z" },
]

[[package]]
name = "colorama"
version = "0.4.6"
source = { registry = "https://pypi.org/simple" }
sdist = { url = "https://files.pythonhosted.org/packages/d8/53/6f443c9a4a8358a93a6792e2acffb9d9d5cb0a5cfd8802644b7b1c9a02e4/colorama-0.4.6.tar.gz", hash = "sha256:08695f5cb7ed6e0531a20572697297273c47b8cae5a63ffc6d6ed5c201be6e44", size = 27697, upload-time = "2022-10-25T02:36:22.414Z" }
wheels = [
    { url = "https://files.pythonhosted.org/packages/d1/d6/3965ed04c63042e047cb6a3e6ed1a63a35087b6a609aa3a15ed8ac56c221/colorama-0.4.6-py2.py3-none-any.whl", hash = "sha256:4f1d9991f5acc0ca119f9d443620b77f9d6b33703e51011c16baf57afb285fc6", size = 25335, upload-time = "2022-10-25T02:36:20.889Z" },
]

[[package]]
name = "joblib"
version = "1.6.0"
source = { registry = "https://pypi.org/simple" }
dependencies = [
    { name = "cloudpickle" },
]
sdist = { url = "https://files.pythonhosted.org/packages/d5/1d/537ab090f302b838943a1b56497dd53059b9a9b46a074936470173a2e207/joblib-1.6.0.tar.gz", hash = "sha256:2ccc96785b12046c08fd6d55839c12857831b54a3c1673ffadd2f04bfc4eda03", size = 327903, upload-time = "2026-08-31T09:39:04.122Z" }
wheels = [
    { url = "https://files.pythonhosted.org/packages/18/53/84099323c2ec4be98d935f63c033ac4151ee83836ca1050ede3b3aadf155/joblib-1.6.0-py3-none-any.whl", hash = "sha256:3dbbf9f6e4b592a2357b854608e980fe6390d131d7a82f011a377ef2ebef7aba", size = 306115, upload-time = "2026-08-31T09:39:02.298Z" },
]

[[package]]
name = "nltk"
version = "3.9.1"
source = { registry = "https://pypi.org/simple" }
dependencies = [
    { name = "click" },
    { name = "joblib" },
    { name = "regex" },
    { name = "tqdm" },
]
sdist = { url = "https://files.pythonhosted.org/packages/3c/87/db8be88ad32c2d042420b6fd9ffd4a149f9a0d7f0e86b3f543be2eeeedd2/nltk-3.9.1.tar.gz", hash = "sha256:87d127bd3de4bd89a4f81265e5fa59cb1b199b27440175370f7417d2bc7ae868", size = 2904691, upload-time = "2024-08-18T19:48:37.769Z" }
wheels = [
    { url = "https://files.pythonhosted.org/packages/4d/66/7d9e26593edda06e8cb531874633f7c2372279c3b0f46235539fe546df8b/nltk-3.9.1-py3-none-any.whl", hash = "sha256:4fa26829c5b00715afe3061398a8989dc643b92ce7dd93fb4585a70930d168a1", size = 1505442, upload-time = "2024-08-18T19:48:21.909Z" },
]

[[package]]
name = "rag-search-engine"
version = "0.1.0"
source = { virtual = "." }
dependencies = [
    { name = "nltk" },
]

[package.metadata]
requires-dist = [{ name = "nltk", specifier = "==3.9.1" }]

[[package]]
name = "regex"
version = "2026.9.10"
source = { registry = "https://pypi.org/simple" }
sdist = { url = "https://files.pythonhosted.org/packages/b9/5c/f403115361de25809e8f785686ec7096e30fef73be9ae35aa51da4e80abb/regex-2026.9.10.tar.gz", hash = "sha256:1e321e2c84f0e52c457f5ea5944f796d6e8e09cb99738ea98dcc1bfe402a128d", size = 417072, upload-time = "2026-09-09T21:00:21.521Z" }
wheels = [
    { url = "https://files.pythonhosted.org/packages/20/90/d4452bf1ef7dbe406980e8b921a257024482203c1dafac535eae207611bc/regex-2026.9.10-cp313-cp313-macosx_10_13_universal2.whl", hash = "sha256:ef5a059ea1c6ee5d1c7e99a2484e628608d010921efe876c6f0e2029d2f35eca", size = 496408, upload-time = "2026-09-09T20:57:36.757Z" },
    { url = "https://files.pythonhosted.org/packages/6a/35/c763c6424a0f99d021d46dc1f9065147bb5a40c2b2cdf28d2ebdbcd96508/regex-2026.9.10-cp313-cp313-macosx_10_13_x86_64.whl", hash = "sha256:dce932f8e3ba936475ea3d0d8b59f7b050a9e206e994f53f8fd80299871e87da", size = 296931, upload-time = "2026-09-09T20:57:38.811Z" },
    { url = "https://files.pythonhosted.org/packages/fa/68/241f88458b17c46ed2f80147a60a03b2ada7fb815c23b6bc76c298abb0a5/regex-2026.9.10-cp313-cp313-macosx_11_0_arm64.whl", hash = "sha256:d8c668af8f7bdb1d18739c27d30cd9f4b371495a883f75a002fb7a39d740fecd", size = 291741, upload-time = "2026-09-09T20:57:40.482Z" },
    { url = "https://files.pythonhosted.org/packages/90/9e/974d6de404c63e2d09525f4ddb99874c7ab8e1f781ccbe0dd3e26fa6f6e5/regex-2026.9.10-cp313-cp313-manylinux2014_aarch64.manylinux_2_17_aarch64.manylinux_2_28_aarch64.whl", hash = "sha256:6aebdd9a946de328b3f6f61dbf48dd064a36eb6dddf96e34ae6651d37f6e9383", size = 800088, upload-time = "2026-09-09T20:57:42.098Z" },
    { url = "https://files.pythonhosted.org/packages/9e/fd/3875b73f9e7ba3321dcaa02c19f650c05c61345328acf84599ac6f45ceed/regex-2026.9.10-cp313-cp313-manylinux2014_ppc64le.manylinux_2_17_ppc64le.manylinux_2_28_ppc64le.whl", hash = "sha256:f2374c27deb189b282ec7e16106752c22ad39b056bbd8018960b1e4cc95d67a1", size = 871212, upload-time = "2026-09-09T20:57:44.03Z" },
    { url = "https://files.pythonhosted.org/packages/c5/f5/2358e791c0e171194dd6a8b97b520579098a21397fb79dbe6b7edc9e3fa7/regex-2026.9.10-cp313-cp313-manylinux2014_s390x.manylinux_2_17_s390x.manylinux_2_28_s390x.whl", hash = "sha256:e0dc78251154b66dc60211563fc115345da332eaa881e4e2523fb1edae3772f4", size = 919752, upload-time = "2026-09-09T20:57:45.691Z" },
    { url = "https://files.pythonhosted.org/packages/20/3b/000c79c3f9c06b7542225a5d3a7f9a85405da7224b3b9af94a491d07abea/regex-2026.9.10-cp313-cp313-manylinux2014_x86_64.manylinux_2_17_x86_64.manylinux_2_28_x86_64.whl", hash = "sha256:bafa41b0dd63669e5c0f8adf3d24819efeb73c847f492eb011212eb352e69041", size = 804578, upload-time = "2026-09-09T20:57:47.548Z" },
    { url = "https://files.pythonhosted.org/packages/30/6d/195eedb1de87f26639191e7487e41eb81e2ce255bc7563a64f3f5a95eb08/regex-2026.9.10-cp313-cp313-manylinux_2_31_riscv64.manylinux_2_39_riscv64.whl", hash = "sha256:ebb2ba68e4641a994061f70bf44ed448fba0b9b1d18c94ffb9efc1cca805b39b", size = 777345, upload-time = "2026-09-09T20:57:49.63Z" },
    { url = "https://files.pythonhosted.org/packages/79/11/11fe2b313fcd92cb75c583648f2746031b9f4da9e9ed4241204a5e8b3721/regex-2026.9.10-cp313-cp313-musllinux_1_2_aarch64.whl", hash = "sha256:048a89ee797db10160bd2bd519286577a6b43a100279bd4b7d8456a3d69c80a0", size = 790556, upload-time = "2026-09-09T20:57:51.27Z" },
    { url = "https://files.pythonhosted.org/packages/7a/c0/07ec9b4c43b0e16d62454971a5ab3886eccb0bfa161300a02d801ab28620/regex-2026.9.10-cp313-cp313-musllinux_1_2_ppc64le.whl", hash = "sha256:79e9432995e14c749d34209413de5e621ec8e67789bf4f46dbfabea9d06a2406", size = 865572, upload-time = "2026-09-09T20:57:53.163Z" },
    { url = "https://files.pythonhosted.org/packages/19/07/43bc9a9cf9fc8e37d2ba47980dfe4a6e151d2cf3ab969e0031e2a9b21484/regex-2026.9.10-cp313-cp313-musllinux_1_2_riscv64.whl", hash = "sha256:5847e22bbf959764d776937d791d034cc2d19b787e361c88d97e859e8dc68502", size = 767971, upload-time = "2026-09-09T20:57:54.805Z" },
    { url = "https://files.pythonhosted.org/packages/9c/49/3b9286a3a94f3c89ed4ddbe74e72bdde21c1a5eadd520d5f4ed4a61936cb/regex-2026.9.10-cp313-cp313-musllinux_1_2_s390x.whl", hash = "sha256:c103b3b14e011774af4fb7e4617ad4d72b9171905cd3b231a70a4efd76e477d7", size = 858835, upload-time = "2026-09-09T20:57:56.627Z" },
    { url = "https://files.pythonhosted.org/packages/4a/9e/e5d27ce9fee8e3ef95f886c7b6ecec211efa4cfc18bd73bd5cf26cca4741/regex-2026.9.10-cp313-cp313-musllinux_1_2_x86_64.whl", hash = "sha256:6b34a778c695d24e77c140e3b4c95da69282e34f2f6b02b55656aa4a0379f643", size = 791793, upload-time = "2026-09-09T20:57:58.313Z" },
    { url = "https://files.pythonhosted.org/packages/63/03/c28a6bebedc3e2d86ee27ec2de16f7ec0419dcd10e771d43dcc9c58a2e99/regex-2026.9.10-cp313-cp313-win32.whl", hash = "sha256:7abb38b8c40f3a235235a44da452c64b7b5c1d650ec6351027db0e090804f2e5", size = 267298, upload-time = "2026-09-09T20:58:00.009Z" },
    { url = "https://files.pythonhosted.org/packages/cd/fd/5c85fa6cfb8e034080bda5a72fa0a4df2b7777a35eb7e73c2799c2adda7a/regex-2026.9.10-cp313-cp313-win_amd64.whl", hash = "sha256:20e8bfb07ad79a282f8b95b56fe67f9750b1b7f775724e4ba1f23cb296115ce4", size = 277894, upload-time = "2026-09-09T20:58:01.731Z" },
    { url = "https://files.pythonhosted.org/packages/c1/28/f5a25f6f65501675977fda35d9f61abb1468c4b87c0f73e536d8b21a60b8/regex-2026.9.10-cp313-cp313-win_arm64.whl", hash = "sha256:3bdeed3318a8eb2bbadc9c56347e0ff651639e934a47e168d05a3b12929fd0e7", size = 277436, upload-time = "2026-09-09T20:58:03.422Z" },
    { url = "https://files.pythonhosted.org/packages/5c/ed/98e9b07d8bb9c765d07774f0b2c19b301b96d51f44630fea48951051c94e/regex-2026.9.10-cp314-cp314-macosx_10_15_universal2.whl", hash = "sha256:fd6bd89b9fc06018d35851cab0240adb7dd84d51941b19f6574ac90cd54e3ae5", size = 496662, upload-time = "2026-09-09T20:58:05.118Z" },
    { url = "https://files.pythonhosted.org/packages/ee/a8/9dfe9be48378b47c5a8f04b0f200ea225f9ee0f8e93f010433f661a37878/regex-2026.9.10-cp314-cp314-macosx_10_15_x86_64.whl", hash = "sha256:ef4c0a9dfdc90581b90b1b95a8c3d1557f8ff8f5a2a53536d26314de699d1468", size = 297115, upload-time = "2026-09-09T20:58:06.822Z" },
    { url = "https://files.pythonhosted.org/packages/2b/e4/5d1f005a3825ec49842ad349061c1c26e6d42f47ccf105e6e5aa6aeed392/regex-2026.9.10-cp314-cp314-macosx_11_0_arm64.whl", hash = "sha256:14caa05ce39ec70437af5aac8814c50ee6628f4a90353871c059692f448a164f", size = 291896, upload-time = "2026-09-09T20:58:08.675Z" },
    { url = "https://files.pythonhosted.org/packages/be/15/44ce83fca50c6058f42b62fa8300a8030eea7e4e5a973a2dd33db0f557fb/regex-2026.9.10-cp314-cp314-manylinux2014_aarch64.manylinux_2_17_aarch64.manylinux_2_28_aarch64.whl", hash = "sha256:3264132d576847ab5f88bb83e7debe67854bf165b3ea613bd467312b6099536a", size = 800534, upload-time = "2026-09-09T20:58:10.339Z" },
    { url = "https://files.pythonhosted.org/packages/af/6e/a62e070a5a033643b287489576f02ae6a9c584c337d62349e340a2b4d001/regex-2026.9.10-cp314-cp314-manylinux2014_ppc64le.manylinux_2_17_ppc64le.manylinux_2_28_ppc64le.whl", hash = "sha256:5cef9f3d14796500ea834c41dbe688f1f6b23c7024dc23e8a794d7ebaf5d71d0", size = 872038, upload-time = "2026-09-09T20:58:12.186Z" },
    { url = "https://files.pythonhosted.org/packages/f3/06/8b8e2483949b1329df10c5b615e85d332066deb426b11332b799629b9201/regex-2026.9.10-cp314-cp314-manylinux2014_s390x.manylinux_2_17_s390x.manylinux_2_28_s390x.whl", hash = "sha256:d278ad30ec83b6b9202685b0f80b741a51ea3ca7f0595ebda96e7628b6398876", size = 918927, upload-time = "2026-09-09T20:58:13.903Z" },
    { url = "https://files.pythonhosted.org/packages/bb/64/9b56f69100d3afdbc9c4fa6e302764f9cb717fbc06a9d50558d98ca89cd2/regex-2026.9.10-cp314-cp314-manylinux2014_x86_64.manylinux_2_17_x86_64.manylinux_2_28_x86_64.whl", hash = "sha256:05fb018cfe7144585fc83882405906ff84994a2d154afc2509ecc7752c51f864", size = 803694, upload-time = "2026-09-09T20:58:15.949Z" },
    { url = "https://files.pythonhosted.org/packages/07/43/d00d59a7c8fd0e070ae8457a8743597f45ad9682b100f57b9c9c405fbdfd/regex-2026.9.10-cp314-cp314-manylinux_2_31_riscv64.manylinux_2_39_riscv64.whl", hash = "sha256:6fd555fc9abef50c530869690b2daca054c8811a7aff632d11f9a7b2590b2742", size = 777770, upload-time = "2026-09-09T20:58:17.628Z" },
    { url = "https://files.pythonhosted.org/packages/46/6b/a11d0446484efbc9eb67abec133f254c6d66a1568b8f3fb36d39a73a1129/regex-2026.9.10-cp314-cp314-musllinux_1_2_aarch64.whl", hash = "sha256:8d5c4518235a2ec1611e57af85fa488d529c1106aacff12adadcedf8687012cd", size = 791234, upload-time = "2026-09-09T20:58:19.476Z" },
    { url = "https://files.pythonhosted.org/packages/12/09/bcd24e78b373fd4f98090caa43eade439223f6703b909be79b9efd9ab0ab/regex-2026.9.10-cp314-cp314-musllinux_1_2_ppc64le.whl", hash = "sha256:175cf49ce7a994c88b8f15e3cb17cdb66a48ebb2d36de736b8205033db950f89", size = 866259, upload-time = "2026-09-09T20:58:21.683Z" },
    { url = "https://files.pythonhosted.org/packages/8b/c6/c57ba5e94222a813260af4c17ced92d40cdb44737eb6b50979688310b6a3/regex-2026.9.10-cp314-cp314-musllinux_1_2_riscv64.whl", hash = "sha256:b71649169a9fcf30b395ee01047fa7ad6654a4c900ca75b23c04dedcce6a1f8c", size = 768219, upload-time = "2026-09-09T20:58:23.842Z" },
    { url = "https://files.pythonhosted.org/packages/7b/a2/3820037587d00901ace96c5864335c2cd1b899d5263ea0dd2261359e0bee/regex-2026.9.10-cp314-cp314-musllinux_1_2_s390x.whl", hash = "sha256:8ba1f78bd4fef2d8f84b894ec28ac3481afe6cc07aaa253ad4717ef7b3fe6bcb", size = 858582, upload-time = "2026-09-09T20:58:25.607Z" },
    { url = "https://files.pythonhosted.org/packages/47/f0/f9a838ca6219ae4821de0175e4548db73ef56de5ec08d032fb427732fa07/regex-2026.9.10-cp314-cp314-musllinux_1_2_x86_64.whl", hash = "sha256:217e98ba5fc8908ed8ffd4ebac04753a0c831067cbfb495b9821b94cc61eaa76", size = 791405, upload-time = "2026-09-09T20:58:27.406Z" },
    { url = "https://files.pythonhosted.org/packages/f7/bf/67d71cc4e13ae2e0022d21243ca069e0868701a99eb29cdecd13d356e694/regex-2026.9.10-cp314-cp314-win32.whl", hash = "sha256:b298cdc33c5cc6969ff07f0fba19cc73e0fd8576373c50935feadaca2f6b4405", size = 272702, upload-time = "2026-09-09T20:58:29.116Z" },
    { url = "https://files.pythonhosted.org/packages/c1/38/40a93e72703a741235115ed1b1e5f6b869917677b7643005034ce1611d70/regex-2026.9.10-cp314-cp314-win_amd64.whl", hash = "sha256:c32818b28bcd153b25b63038348a9fe9b9fbcddb60df43f204c3ab55eeb57f77", size = 281170, upload-time = "2026-09-09T20:58:30.899Z" },
    { url = "https://files.pythonhosted.org/packages/bf/ac/e95387f00617c16bb41b786d900bacd17eab88afa81b4f263df532b3a731/regex-2026.9.10-cp314-cp314-win_arm64.whl", hash = "sha256:75242f44a3e283106077be4ab717bc535e4701c9d54ad69e195945c22f137a1d", size = 281511, upload-time = "2026-09-09T20:58:32.594Z" },
    { url = "https://files.pythonhosted.org/packages/39/e5/a4b12262edc488a8a7a95b672db317dd8aa9bf2fab98297f9c91bb11ad4d/regex-2026.9.10-cp314-cp314t-macosx_10_15_universal2.whl", hash = "sha256:2dd9286093c71afc8f55ef035c5b9d2776641fd72c6535f1febc92d0b0be9666", size = 501128, upload-time = "2026-09-09T20:58:34.306Z" },
    { url = "https://files.pythonhosted.org/packages/55/c8/9ca31c0fa5197ded8614c8ae0e105bcff2d979025ffa3c75580baa334e2f/regex-2026.9.10-cp314-cp314t-macosx_10_15_x86_64.whl", hash = "sha256:71879292c9c7ac67b1680345b16daba1be937cb027362cfa04e68f65db2dcfdd", size = 299428, upload-time = "2026-09-09T20:58:36.296Z" },
    { url = "https://files.pythonhosted.org/packages/2b/d1/ee7662561735f90475443c3ca1977e5cecaeaa8f29620dec75580aebc839/regex-2026.9.10-cp314-cp314t-macosx_11_0_arm64.whl", hash = "sha256:5ccd139b2061132e7b265cfb4b4721baeb9f8928b81415304abf1ec7e3181c26", size = 294494, upload-time = "2026-09-09T20:58:37.964Z" },
    { url = "https://files.pythonhosted.org/packages/d9/b1/333168e45ed6cfe71f6d17e21e5f54725f44d171f84edd12469a2f739227/regex-2026.9.10-cp314-cp314t-manylinux2014_aarch64.manylinux_2_17_aarch64.manylinux_2_28_aarch64.whl", hash = "sha256:e7327795089ddb44912dce1434e1d7244be2e9fb48fcc2d6782936af7a3062db", size = 814925, upload-time = "2026-09-09T20:58:40.438Z" },
    { url = "https://files.pythonhosted.org/packages/bc/a5/df1b38536d0a3b24a030eb4130ce98b403cc925220ff530f5313a7c436eb/regex-2026.9.10-cp314-cp314t-manylinux2014_ppc64le.manylinux_2_17_ppc64le.manylinux_2_28_ppc64le.whl", hash = "sha256:ff4d7b14ea19e50c8d9d6d83f45bd9b45cbb624c07ac1fa54db0a019049abed7", size = 873323, upload-time = "2026-09-09T20:58:42.349Z" },
    { url = "https://files.pythonhosted.org/packages/93/ea/aa71fe62dd63a8336bbdec1ff002a6c53b40ccfca95961c18ee4f09bf03c/regex-2026.9.10-cp314-cp314t-manylinux2014_s390x.manylinux_2_17_s390x.manylinux_2_28_s390x.whl", hash = "sha256:4f0407474ffac8e5e89d93ca41d60891e29f0ab8423eb66ff292d850a86a0843", size = 923080, upload-time = "2026-09-09T20:58:44.488Z" },
    { url = "https://files.pythonhosted.org/packages/86/38/49f8d6fd34fc1a9c75b5b96364ebdde702a8144e5ed63d2213c58d454c27/regex-2026.9.10-cp314-cp314t-manylinux2014_x86_64.manylinux_2_17_x86_64.manylinux_2_28_x86_64.whl", hash = "sha256:1ad10a135fa0b4e4a462a61d07c6654d7518cfdb5cb8da08f9ff7d61384af1fe", size = 821284, upload-time = "2026-09-09T20:58:46.56Z" },
    { url = "https://files.pythonhosted.org/packages/32/45/91a977c96d4be13d1ade8208c260c26841c836d4c91745e1828a30589070/regex-2026.9.10-cp314-cp314t-manylinux_2_31_riscv64.manylinux_2_39_riscv64.whl", hash = "sha256:9fbd2e5d8002dc49a6129fb321ec51c57a025e752ed525ddce0ba9223c4350a7", size = 789256, upload-time = "2026-09-09T20:58:48.473Z" },
    { url = "https://files.pythonhosted.org/packages/2d/79/4d110bf01bf9651bf9b3f88a6d9fa7e643e0586921a18432b25a478edbfa/regex-2026.9.10-cp314-cp314t-musllinux_1_2_aarch64.whl", hash = "sha256:4a761ea45f2ad74c575ef5850ea514cef97302a552d3c7c9d1a1a870d4661d6c", size = 803722, upload-time = "2026-09-09T20:58:50.286Z" },
    { url = "https://files.pythonhosted.org/packages/e7/67/b587a0d3bbac2635309ed9c40c197120c39e1ec0afb8813cbed1338fdd75/regex-2026.9.10-cp314-cp314t-musllinux_1_2_ppc64le.whl", hash = "sha256:75aa39d3f4f1650eea84e46b0d8cefe77dd5478c10e3d0aaf0b0f00493475a7a", size = 870085, upload-time = "2026-09-09T20:58:52.224Z" },
    { url = "https://files.pythonhosted.org/packages/07/fc/0827bca20ddba1d70fa5111a2a64e6b6b38bfdab43fc435022b54172a111/regex-2026.9.10-cp314-cp314t-musllinux_1_2_riscv64.whl", hash = "sha256:f5c629df03adec31ee505dda3c8988f106c9390e4cbd343600036eb8b3d6724f", size = 776970, upload-time = "2026-09-09T20:58:54.478Z" },
    { url = "https://files.pythonhosted.org/packages/9b/03/ab9d08d30568ca868791bfb99551db60b947f05e2e65dcd1261e87083c21/regex-2026.9.10-cp314-cp314t-musllinux_1_2_s390x.whl", hash = "sha256:3a66e40a1a20de96a2fee00ed67e11012b62d85b277688258677fd19997addb7", size = 863611, upload-time = "2026-09-09T20:58:56.432Z" },
    { url = "https://files.pythonhosted.org/packages/5e/6d/8063ae86b543ae878a7d6e7ba21ebf0af4af06161230e0012e2d652320c6/regex-2026.9.10-cp314-cp314t-musllinux_1_2_x86_64.whl", hash = "sha256:968c1e33edd9a104d1bf24c8d476c72de7e3839ae7f894b37e9e4f4739fdeeca", size = 804064, upload-time = "2026-09-09T20:58:59.066Z" },
    { url = "https://files.pythonhosted.org/packages/c5/63/b19305c4b8d3d7867699f7d83c43550273d91a2f31793452d87edb1d259f/regex-2026.9.10-cp314-cp314t-win32.whl", hash = "sha256:fbc4e2f3cb7ce8436154e6483079e7d35eeb321a952fa936e180300630d8b873", size = 274607, upload-time = "2026-09-09T20:59:00.942Z" },
    { url = "https://files.pythonhosted.org/packages/32/b8/1695072a512a49060294024e23b945eeb87675b02c06e53a92a1b42b0bfd/regex-2026.9.10-cp314-cp314t-win_amd64.whl", hash = "sha256:c37fa93bf18bf4f90b01c0fa9f11ea567ee4b7dd8bf96e63663e5edc37aa38cf", size = 283944, upload-time = "2026-09-09T20:59:02.876Z" },
    { url = "https://files.pythonhosted.org/packages/a9/9f/65bac17f39991a67e22f8b3c849fdc02a56147c97029b5351494341959b4/regex-2026.9.10-cp314-cp314t-win_arm64.whl", hash = "sha256:ffc2da104e43db716ce30cef9f28049a1faa6aca385dd8771b033268d0730b07", size = 283780, upload-time = "2026-09-09T20:59:05.009Z" },
    { url = "https://files.pythonhosted.org/packages/67/ca/1d1f83bc2f8fff4f186266ac82d73254e686565530cec9ab5228fb5c63dc/regex-2026.9.10-cp315-cp315-macosx_10_15_universal2.whl", hash = "sha256:6afcad14310f1311d077553ed374b42a5e538f85a8c884b4e38e52de091c8077", size = 496869, upload-time = "2026-09-09T20:59:07.051Z" },
    { url = "https://files.pythonhosted.org/packages/33/42/4217510286501a2ebcd372b781b4754ac961e043fa13ef8dce803c44d89c/regex-2026.9.10-cp315-cp315-macosx_10_15_x86_64.whl", hash = "sha256:3fb4ae8cf83ef4e9addd43b2da31a9f45be816a8036fae8af59c8998b72718e2", size = 297121, upload-time = "2026-09-09T20:59:09.007Z" },
    { url = "https://files.pythonhosted.org/packages/55/a7/595468ed0bbccd94be92c6b5d67736ba128b204d942429a8485c2693914d/regex-2026.9.10-cp315-cp315-macosx_11_0_arm64.whl", hash = "sha256:f7d4656e17ab736e9415a6442a345bfc97bb8b7dcce47884bb74a37f70f08d0c", size = 292139, upload-time = "2026-09-09T20:59:10.859Z" },
    { url = "https://files.pythonhosted.org/packages/29/1c/ac92c123e0ab9bea75a904272171b356940bd6139e4a35de44f2254dca8f/regex-2026.9.10-cp315-cp315-manylinux2014_aarch64.manylinux_2_17_aarch64.manylinux_2_28_aarch64.whl", hash = "sha256:35ba3bab0c45079735f55ac61526774de1d84bc4a0333cc554e1a4ab74913924", size = 802375, upload-time = "2026-09-09T20:59:12.823Z" },
    { url = "https://files.pythonhosted.org/packages/8d/16/d349f6fa9f908162359004e4f067353a0146e8074d24989490778244be44/regex-2026.9.10-cp315-cp315-manylinux2014_ppc64le.manylinux_2_17_ppc64le.manylinux_2_28_ppc64le.whl", hash = "sha256:ff6b3267318661dfddf6b3628663e00e5946bd0a5c8fa678537a1401f0388f91", size = 872328, upload-time = "2026-09-09T20:59:15.352Z" },
    { url = "https://files.pythonhosted.org/packages/df/81/251b5aef23147057e926346fdb7c8c352d0568f65a492e4e9eb6120f6446/regex-2026.9.10-cp315-cp315-manylinux2014_s390x.manylinux_2_17_s390x.manylinux_2_28_s390x.whl", hash = "sha256:030fa9e23624e39b3b94e46b90a5abd1a1678eb2f58fcdd3fd6c27526bf91c7e", size = 919594, upload-time = "2026-09-09T20:59:17.31Z" },
    { url = "https://files.pythonhosted.org/packages/d0/6e/1f25319dc1b9cf4b7ffa303f3d16ca53260fe92aff45e81aa1b3c6c7cba2/regex-2026.9.10-cp315-cp315-manylinux2014_x86_64.manylinux_2_17_x86_64.manylinux_2_28_x86_64.whl", hash = "sha256:1fbc8314436353e097c050e11b01a6c11433579437ed0579730157676ef59e2f", size = 807394, upload-time = "2026-09-09T20:59:19.328Z" },
    { url = "https://files.pythonhosted.org/packages/cc/fc/3da6b3dffddf12d5e96cbbe6f5e65ebcd64f92e3388a6690a53e0878232d/regex-2026.9.10-cp315-cp315-manylinux_2_31_riscv64.manylinux_2_39_riscv64.whl", hash = "sha256:7e6c0b5ec6ddee4032247585dc491b0fa58627745b66a705728703a3f0331231", size = 786018, upload-time = "2026-09-09T20:59:21.592Z" },
    { url = "https://files.pythonhosted.org/packages/bb/6f/1cc86dafddc912ef44c5ccd4f729060be8c6735600932664eb6d0e25469b/regex-2026.9.10-cp315-cp315-musllinux_1_2_aarch64.whl", hash = "sha256:bf29611e5376fec8f795879bb5c6153a76c3a292573d173c26784042b01eb840", size = 793504, upload-time = "2026-09-09T20:59:23.734Z" },
    { url = "https://files.pythonhosted.org/packages/b1/cb/11692e29388d006211163627fcefa0c79917ab9f94d46a1b2254fe5efc81/regex-2026.9.10-cp315-cp315-musllinux_1_2_ppc64le.whl", hash = "sha256:ec8855f08c17895a26fbf5f19ed829722e19b34a96629e49a43c92974924026b", size = 866766, upload-time = "2026-09-09T20:59:25.798Z" },
    { url = "https://files.pythonhosted.org/packages/5d/78/3631df969830f94d83fcfc5fc71a7b39caad905e18f7b17350a94135d625/regex-2026.9.10-cp315-cp315-musllinux_1_2_riscv64.whl", hash = "sha256:94c5ce3bc41d226b4eb89ca3f842b2e28c031487fb1f34eb2153d98235831325", size = 775825, upload-time = "2026-09-09T20:59:28.51Z" },
    { url = "https://files.pythonhosted.org/packages/4e/8a/762892a8e3e21d119eacaffde848aa247e6cf4e1d90c46011671e86b1b9e/regex-2026.9.10-cp315-cp315-musllinux_1_2_s390x.whl", hash = "sha256:9ce239acb15843ab03976626af810a4424b0409689ec2bbc52088ab5479ab487", size = 858901, upload-time = "2026-09-09T20:59:30.656Z" },
    { url = "https://files.pythonhosted.org/packages/3f/f0/78048fada5c2f61d795efb26ea24f820a5564c4aa26574920284d45cd656/regex-2026.9.10-cp315-cp315-musllinux_1_2_x86_64.whl", hash = "sha256:c22df8dd6373bbe3898e77429ffc85594300e39d752fd0e68a31e59d37899376", size = 796208, upload-time = "2026-09-09T20:59:32.852Z" },
    { url = "https://files.pythonhosted.org/packages/aa/58/632681f7b9aaa3d83b40e5862ba46364a453c8eb2bc7d43fece3dc31f972/regex-2026.9.10-cp315-cp315-win32.whl", hash = "sha256:1aa309ab7ba89a62d6cf70dbd38d4176440bce3c7001ab86256704cf4c18c6eb", size = 272704, upload-time = "2026-09-09T20:59:34.927Z" },
    { url = "https://files.pythonhosted.org/packages/5d/64/81cce28754c37037b1fe740b6d7a556d51d97cf935ea4547bfab104f43f7/regex-2026.9.10-cp315-cp315-win_amd64.whl", hash = "sha256:58da726d3e766c0b3f5a3997dfaf0275898a1107b8191cdd6b0437fe45fd817d", size = 281182, upload-time = "2026-09-09T20:59:36.86Z" },
    { url = "https://files.pythonhosted.org/packages/33/28/5a13a340c9c759e863a0e7f765d323601d03d6538c8a627ed628662e083b/regex-2026.9.10-cp315-cp315-win_arm64.whl", hash = "sha256:75f9297b16fcb588a1f8d8a55dabef3c0c20b0c7bac43c87ceaaaf1a825c12f4", size = 281512, upload-time = "2026-09-09T20:59:38.875Z" },
    { url = "https://files.pythonhosted.org/packages/f7/38/a3caebcd5105be90708071db20bd261b0961b8ea4fe5e8be45c2632519b5/regex-2026.9.10-cp315-cp315t-macosx_10_15_universal2.whl", hash = "sha256:1270cdec69248592bbe38a0b263ed58d907b891bd2b93703e225c317e421bda1", size = 501336, upload-time = "2026-09-09T20:59:40.987Z" },
    { url = "https://files.pythonhosted.org/packages/ee/b5/ec8887b2658bf0a5df143c7c1fcd562b0abd2fa208c04ebf15c6607c9bb2/regex-2026.9.10-cp315-cp315t-macosx_10_15_x86_64.whl", hash = "sha256:681ed38664b64c6617d3c3c332018d1948c77e139c5ea667c1886efa671e426f", size = 299318, upload-time = "2026-09-09T20:59:43.039Z" },
    { url = "https://files.pythonhosted.org/packages/d5/58/84724a9eccf6e8cd46f7e4534576093e2476a5eeb55e2453aa6606e86059/regex-2026.9.10-cp315-cp315t-macosx_11_0_arm64.whl", hash = "sha256:8e127d9a80cbf1c3276bb465c6d047e8705e97b58c2b8f2f0c0a69c336b44b37", size = 294847, upload-time = "2026-09-09T20:59:44.954Z" },
    { url = "https://files.pythonhosted.org/packages/50/03/70ccc5e53905984abf8eab63eebd3ce740522ef8c8d392622b64d79ef290/regex-2026.9.10-cp315-cp315t-manylinux2014_aarch64.manylinux_2_17_aarch64.manylinux_2_28_aarch64.whl", hash = "sha256:990797e765d89a423880052c68b61c31afe701de94a8c060f61c40605ca6c727", size = 814359, upload-time = "2026-09-09T20:59:47.194Z" },
    { url = "https://files.pythonhosted.org/packages/29/53/40f7a11ec547e4a947883c9d5e8a075f6d4f59af2b8dbcaa8bf5b504aca0/regex-2026.9.10-cp315-cp315t-manylinux2014_ppc64le.manylinux_2_17_ppc64le.manylinux_2_28_ppc64le.whl", hash = "sha256:e5e4a6e0734a685d13b9685622bb503bdbb2927f8b0df025a5085f0ea067475b", size = 875586, upload-time = "2026-09-09T20:59:49.537Z" },
    { url = "https://files.pythonhosted.org/packages/0b/9d/83f3e022d99ce601727c4ef5f7b527753901ce4509ed89a1bb6a2263380a/regex-2026.9.10-cp315-cp315t-manylinux2014_s390x.manylinux_2_17_s390x.manylinux_2_28_s390x.whl", hash = "sha256:63bb62cf62217dc38c8a6b2b61b165b0e4eb8fa93b0aba12139251c0986a8fa3", size = 920990, upload-time = "2026-09-09T20:59:51.776Z" },
    { url = "https://files.pythonhosted.org/packages/b2/64/dfdb367d8f4f5c9b8ccb4b59789c2ce996f2c69c3b8192aa986fe7d92ec4/regex-2026.9.10-cp315-cp315t-manylinux2014_x86_64.manylinux_2_17_x86_64.manylinux_2_28_x86_64.whl", hash = "sha256:cb76a9c4e07a6a47849726af0ed14c41741a182f097f134a8cf29c1bc0f4dde8", size = 818660, upload-time = "2026-09-09T20:59:54.428Z" },
    { url = "https://files.pythonhosted.org/packages/88/a6/fb7d0b64487913845834f319aa84f8377d55305958a5db7e19c128798366/regex-2026.9.10-cp315-cp315t-manylinux_2_31_riscv64.manylinux_2_39_riscv64.whl", hash = "sha256:31e4df2b11d48f61d511019bc1ee9b477055f17c352b68fe72db7a98b14d603c", size = 794976, upload-time = "2026-09-09T20:59:56.799Z" },
    { url = "https://files.pythonhosted.org/packages/3e/1c/23484edaae387ea0d31f4d414463211e3516c8aa210ce8d0640f5aff3502/regex-2026.9.10-cp315-cp315t-musllinux_1_2_aarch64.whl", hash = "sha256:cf377960d2ac37d987394a9dbaa75e91338c41a46d41e1d25e90125e7b3ee2dc", size = 804081, upload-time = "2026-09-09T20:59:59.39Z" },
    { url = "https://files.pythonhosted.org/packages/d5/e1/e30d138f13aecec99ea9aecef7e31563de6ec6a2f5ce1d65fc506aee33fe/regex-2026.9.10-cp315-cp315t-musllinux_1_2_ppc64le.whl", hash = "sha256:c8fbd9cb30c68c1686b94029b9ef845d5870d3d65baf66cb126b676849b9d72b", size = 870430, upload-time = "2026-09-09T21:00:03.304Z" },
    { url = "https://files.pythonhosted.org/packages/53/dc/81f9ce86f7ae4f57901543597c95751fa01c41a672ec1636dd913f8a000a/regex-2026.9.10-cp315-cp315t-musllinux_1_2_riscv64.whl", hash = "sha256:53e182b6b04d0011909b47d51a2d72d908de07c7b1c7f16b3adda2204d723bc1", size = 783327, upload-time = "2026-09-09T21:00:05.68Z" },
    { url = "https://files.pythonhosted.org/packages/a9/1b/d7bf8f91534740f6a8ca17e5ac9c5337903baf527c8de240fbac1bbedfd0/regex-2026.9.10-cp315-cp315t-musllinux_1_2_s390x.whl", hash = "sha256:0aa7589394230e0f0a422ab6b90841ff12c87e855e7aaf75d192a54a5f124548", size = 860874, upload-time = "2026-09-09T21:00:08.41Z" },
    { url = "https://files.pythonhosted.org/packages/9a/1d/52cc88364aca7c9013dfe9abe0fea67f8d394efe384d07798300a6e2f27d/regex-2026.9.10-cp315-cp315t-musllinux_1_2_x86_64.whl", hash = "sha256:1b891f77554bff991804cee24b78b40789f7d5993a24c7907bc7025fd2a70c8d", size = 806705, upload-time = "2026-09-09T21:00:10.768Z" },
    { url = "https://files.pythonhosted.org/packages/cb/51/37a194df7707f92f33173260ba7b221d4ec376419a53babaec50019a2804/regex-2026.9.10-cp315-cp315t-win32.whl", hash = "sha256:5bef622850cf760154719d4e0d74b0a855962432995168e250069899ae12fe8f", size = 274780, upload-time = "2026-09-09T21:00:14.003Z" },
    { url = "https://files.pythonhosted.org/packages/77/12/3227a52970d90908b230f15b2c86df903f49ac72c9eedf4f6e8b5bb5e1a7/regex-2026.9.10-cp315-cp315t-win_amd64.whl", hash = "sha256:07b45ba5c94b8fcb30cb6c56a11f715c57533a3017964504322ea52690a27b72", size = 283936, upload-time = "2026-09-09T21:00:16.275Z" },
    { url = "https://files.pythonhosted.org/packages/f3/bc/c567c5a61671f04d30e83f20b496b465432879196574d051007285576205/regex-2026.9.10-cp315-cp315t-win_arm64.whl", hash = "sha256:f70b9f0e39c2dba1d9da6bf7ef7c377cad7277f8440e9a69be05ede529ff024c", size = 283747, upload-time = "2026-09-09T21:00:19.113Z" },
]

[[package]]
name = "tqdm"
version = "4.70.1"
source = { registry = "https://pypi.org/simple" }
dependencies = [
    { name = "colorama", marker = "sys_platform == 'win32'" },
]
sdist = { url = "https://files.pythonhosted.org/packages/0d/ea/b2a5bd54b28a324dae8211928b2d730b6547500342c7e6c6dea08bd0a485/tqdm-4.70.1.tar.gz", hash = "sha256:cefd0eca11b2a37a3aee776544d4f4ae913f02688135b5556b8788dfa474afc4", size = 171846, upload-time = "2026-09-11T07:25:16.601Z" }
wheels = [
    { url = "https://files.pythonhosted.org/packages/a7/03/921a3d3c75785aca9ebfbfcabfbc3a1be12e2ab5265deb026d55a5a3f83e/tqdm-4.70.1-py3-none-any.whl", hash = "sha256:c293e525e6fef9c20e8728fd4612df02a0aa31bb5fe91ecd93e123b1b7bffa73", size = 80199, upload-time = "2026-09-11T07:25:14.599Z" },
]
